
Microsoft Visual Studio Solution File, Format Version 12.00
# Visual Studio Version 16
VisualStudioVersion = 16.0.30413.136
MinimumVisualStudioVersion = 10.0.40219.1
Project("{FAE04EC0-301F-11D3-BF4B-00C04F79EFBC}") = "StoreAsp", "StoreAsp\StoreAsp.csproj", "{A05901C7-C1FF-4F83-A6AE-80174EB92D52}"
EndProject
Global
	GlobalSection(SolutionConfigurationPlatforms) = preSolution
		Debug|Any CPU = Debug|Any CPU
		Release|Any CPU = Release|Any CPU
	EndGlobalSection
	GlobalSection(ProjectConfigurationPlatforms) = postSolution
		{A05901C7-C1FF-4F83-A6AE-80174EB92D52}.Debug|Any CPU.ActiveCfg = Debug|Any CPU
		{A05901C7-C1FF-4F83-A6AE-80174EB92D52}.Debug|Any CPU.Build.0 = Debug|Any CPU
		{A05901C7-C1FF-4F83-A6AE-80174EB92D52}.Release|Any CPU.ActiveCfg = Release|Any CPU
		{A05901C7-C1FF-4F83-A6AE-80174EB92D52}.Release|Any CPU.Build.0 = Release|Any CPU
	EndGlobalSection
	GlobalSection(SolutionProperties) = preSolution
		HideSolutionNode = FALSE
	EndGlobalSection
	GlobalSection(ExtensibilityGlobals) = postSolution
		SolutionGuid = {3D74CE27-E069-4913-8E21-5B8E831C0A0D}
	EndGlobalSection
EndGlobal
